
Microsoft Visual Studio Solution File, Format Version 12.00
# Visual Studio Version 17
VisualStudioVersion = 17.13.35825.156 d17.13
MinimumVisualStudioVersion = 10.0.40219.1
Project("{FAE04EC0-301F-11D3-BF4B-00C04F79EFBC}") = "GijuBedAndBreakfast", "GijuBedAndBreakfast\GijuBedAndBreakfast.csproj", "{C606C0C4-DBAA-4155-AA14-A41492CA18F8}"
EndProject
Global
	GlobalSection(SolutionConfigurationPlatforms) = preSolution
		Debug|Any CPU = Debug|Any CPU
		Release|Any CPU = Release|Any CPU
	EndGlobalSection
	GlobalSection(ProjectConfigurationPlatforms) = postSolution
		{C606C0C4-DBAA-4155-AA14-A41492CA18F8}.Debug|Any CPU.ActiveCfg = Debug|Any CPU
		{C606C0C4-DBAA-4155-AA14-A41492CA18F8}.Debug|Any CPU.Build.0 = Debug|Any CPU
		{C606C0C4-DBAA-4155-AA14-A41492CA18F8}.Release|Any CPU.ActiveCfg = Release|Any CPU
		{C606C0C4-DBAA-4155-AA14-A41492CA18F8}.Release|Any CPU.Build.0 = Release|Any CPU
	EndGlobalSection
	GlobalSection(SolutionProperties) = preSolution
		HideSolutionNode = FALSE
	EndGlobalSection
	GlobalSection(ExtensibilityGlobals) = postSolution
		SolutionGuid = {202BC192-7F99-4A0D-B847-D0D18F969280}
	EndGlobalSection
EndGlobal
